{
  "name": "com.pizzariaatlas.app",
  "version": "1.0.0",
  "lockfileVersion": 3,
  "requires": true,
  "packages": {
    "": {
      "name": "com.pizzariaatlas.app",
      "version": "1.0.0",
      "license": "Apache-2.0",
      "devDependencies": {
        "cordova-plugin-bluetooth-serial": "^0.4.7"
      }
    },
    "node_modules/cordova-plugin-bluetooth-serial": {
      "version": "0.4.7",
      "resolved": "https://registry.npmjs.org/cordova-plugin-bluetooth-serial/-/cordova-plugin-bluetooth-serial-0.4.7.tgz",
      "integrity": "sha512-Z62yZwl77CNoTLW3SwLvvvjPGq+sA1LBsSpuvdC3LePICiJHzFu2Zi5CtGSkjmkj+qOrgHoawOeXVgjN3LrPag==",
      "dev": true
    }
  }
}
